{
    "_readme": [
        "This file locks the dependencies of your project to a known state",
        "Read more about it at https://getcomposer.org/doc/01-basic-usage.md#installing-dependencies",
        "This file is @generated automatically"
    ],
    "content-hash": "580b53d8f42f7023191604787d1a1add",
    "packages": [
        {
            "name": "nette/php-generator",
            "version": "v2.6.4",
            "source": {
                "type": "git",
                "url": "https://github.com/nette/php-generator.git",
                "reference": "c1f6b2163c5471c4d94cd94b93362f12bceef183"
            },
            "dist": {
                "type": "zip",
                "url": "https://api.github.com/repos/nette/php-generator/zipball/c1f6b2163c5471c4d94cd94b93362f12bceef183",
                "reference": "c1f6b2163c5471c4d94cd94b93362f12bceef183",
                "shasum": ""
            },
            "require": {
                "nette/utils": "^2.4.2 || ~3.0.0",
                "php": ">=5.6.0"
            },
            "conflict": {
                "nette/nette": "<2.2"
            },
            "require-dev": {
                "nette/tester": "^2.0",
                "tracy/tracy": "^2.3"
            },
            "type": "library",
            "extra": {
                "branch-alias": {
                    "dev-master": "2.6-dev"
                }
            },
            "autoload": {
                "classmap": [
                    "src/"
                ]
            },
            "notification-url": "https://packagist.org/downloads/",
            "license": [
                "BSD-3-Clause",
                "GPL-2.0",
                "GPL-3.0"
            ],
            "authors": [
                {
                    "name": "David Grudl",
                    "homepage": "https://davidgrudl.com"
                },
                {
                    "name": "Nette Community",
                    "homepage": "https://nette.org/contributors"
                }
            ],
            "description": "? Nette PHP Generator: generates neat PHP code for you. Supports new PHP 7.1 features.",
            "homepage": "https://nette.org",
            "keywords": [
                "code",
                "nette",
                "php",
                "scaffolding"
            ],
            "support": {
                "issues": "https://github.com/nette/php-generator/issues",
                "source": "https://github.com/nette/php-generator/tree/v2.6.4"
            },
            "time": "2018-04-26T16:47:39+00:00"
        },
        {
            "name": "nette/utils",
            "version": "v3.0.4",
            "source": {
                "type": "git",
                "url": "https://github.com/nette/utils.git",
                "reference": "4fa14b593a26aaaf1e2c4842aaff731ecca1fc4a"
            },
            "dist": {
                "type": "zip",
                "url": "https://api.github.com/repos/nette/utils/zipball/4fa14b593a26aaaf1e2c4842aaff731ecca1fc4a",
                "reference": "4fa14b593a26aaaf1e2c4842aaff731ecca1fc4a",
                "shasum": ""
            },
            "require": {
                "php": ">=7.1"
            },
            "require-dev": {
                "nette/tester": "~2.0",
                "phpstan/phpstan": "^0.12",
                "tracy/tracy": "^2.3"
            },
            "suggest": {
                "ext-gd": "to use Image",
                "ext-iconv": "to use Strings::webalize() and toAscii()",
                "ext-intl": "to use Strings::webalize(), toAscii(), normalize() and compare()",
                "ext-json": "to use Nette\\Utils\\Json",
                "ext-mbstring": "to use Strings::lower() etc...",
                "ext-tokenizer": "to use Nette\\Utils\\Reflection::getUseStatements()",
                "ext-xml": "to use Strings::length() etc. when mbstring is not available"
            },
            "type": "library",
            "extra": {
                "branch-alias": {
                    "dev-master": "3.0-dev"
                }
            },
            "autoload": {
                "classmap": [
                    "src/"
                ]
            },
            "notification-url": "https://packagist.org/downloads/",
            "license": [
                "BSD-3-Clause",
                "GPL-2.0",
                "GPL-3.0"
            ],
            "authors": [
                {
                    "name": "David Grudl",
                    "homepage": "https://davidgrudl.com"
                },
                {
                    "name": "Nette Community",
                    "homepage": "https://nette.org/contributors"
                }
            ],
            "description": "🛠 Nette Utils: lightweight utilities for string & array manipulation, image handling, safe JSON encoding/decoding, validation, slug or strong password generating etc.",
            "homepage": "https://nette.org",
            "keywords": [
                "array",
                "core",
                "datetime",
                "images",
                "json",
                "nette",
                "paginator",
                "password",
                "slugify",
                "string",
                "unicode",
                "utf-8",
                "utility",
                "validation"
            ],
            "support": {
                "issues": "https://github.com/nette/utils/issues",
                "source": "https://github.com/nette/utils/tree/v3.0.4"
            },
            "time": "2020-11-05T23:46:36+00:00"
        },
        {
            "name": "plejus/pluralize",
            "version": "1.0.0",
            "source": {
                "type": "git",
                "url": "https://github.com/plejus/pluralize.git",
                "reference": "cc8602ad2e07e930aff04688b8db2bab2e78005e"
            },
            "dist": {
                "type": "zip",
                "url": "https://api.github.com/repos/plejus/pluralize/zipball/cc8602ad2e07e930aff04688b8db2bab2e78005e",
                "reference": "cc8602ad2e07e930aff04688b8db2bab2e78005e",
                "shasum": ""
            },
            "require": {
                "php": ">=5.6.0"
            },
            "type": "library",
            "autoload": {
                "psr-4": {
                    "plejus\\PhpPluralize\\": "src/"
                }
            },
            "notification-url": "https://packagist.org/downloads/",
            "license": [
                "MIT"
            ],
            "authors": [
                {
                    "name": "Artur Rychcik",
                    "email": "artur.rychcik@gmail.com",
                    "homepage": "https://github.com/plejus"
                }
            ],
            "description": "Pluralize any English word. You can also check if word is in plural or singular form.",
            "keywords": [
                "inflection",
                "inflector",
                "plural",
                "pluralize",
                "singular",
                "singularize",
                "words"
            ],
            "support": {
                "issues": "https://github.com/plejus/pluralize/issues",
                "source": "https://github.com/plejus/pluralize/tree/master"
            },
            "time": "2019-08-07T00:00:00+00:00"
        }
    ],
    "packages-dev": [],
    "aliases": [],
    "minimum-stability": "stable",
    "stability-flags": [],
    "prefer-stable": false,
    "prefer-lowest": false,
    "platform": [],
    "platform-dev": [],
    "plugin-api-version": "2.0.0"
}
